Microsoft Visual Studio Solution File, Format Version 9.00
# Visual Studio 2005
Project("{FAE04EC0-301F-11D3-BF4B-00C04F79EFBC}") = "Mix.Console", "Mix.Console\Mix.Console.csproj", "{E5F2DEFF-9CA9-40A3-B291-43D463D1A894}"
EndProject
Project("{FAE04EC0-301F-11D3-BF4B-00C04F79EFBC}") = "Mix.Actions", "Mix.Actions\Mix.Actions.csproj", "{122DC43F-106B-409D-8819-FE9BAC42520B}"
EndProject
Project("{FAE04EC0-301F-11D3-BF4B-00C04F79EFBC}") = "Mix.Actions.Tests", "Mix.Actions.Tests\Mix.Actions.Tests.csproj", "{E7413A47-8B01-457C-9387-8110DD983C29}"
EndProject
Project("{FAE04EC0-301F-11D3-BF4B-00C04F79EFBC}") = "Mix.Core", "Mix.Core\Mix.Core.csproj", "{917B9ECF-889A-4CCE-A87C-282D2BFF8F9E}"
EndProject
Project("{FAE04EC0-301F-11D3-BF4B-00C04F79EFBC}") = "Mix.Console.Tests", "Mix.Console.Tests\Mix.Console.Tests.csproj", "{9D119357-1D2F-4CC2-84E7-12E30386BD2B}"
EndProject
Project("{FAE04EC0-301F-11D3-BF4B-00C04F79EFBC}") = "Mix.Core.Tests", "Mix.Core.Tests\Mix.Core.Tests.csproj", "{70C516D0-D68D-4130-9565-C85174848D70}"
EndProject
Global
	GlobalSection(SolutionConfigurationPlatforms) = preSolution
		Debug|Any CPU = Debug|Any CPU
		Release|Any CPU = Release|Any CPU
	EndGlobalSection
	GlobalSection(ProjectConfigurationPlatforms) = postSolution
		{E5F2DEFF-9CA9-40A3-B291-43D463D1A894}.Debug|Any CPU.ActiveCfg = Debug|Any CPU
		{E5F2DEFF-9CA9-40A3-B291-43D463D1A894}.Debug|Any CPU.Build.0 = Debug|Any CPU
		{E5F2DEFF-9CA9-40A3-B291-43D463D1A894}.Release|Any CPU.ActiveCfg = Release|Any CPU
		{E5F2DEFF-9CA9-40A3-B291-43D463D1A894}.Release|Any CPU.Build.0 = Release|Any CPU
		{122DC43F-106B-409D-8819-FE9BAC42520B}.Debug|Any CPU.ActiveCfg = Debug|Any CPU
		{122DC43F-106B-409D-8819-FE9BAC42520B}.Debug|Any CPU.Build.0 = Debug|Any CPU
		{122DC43F-106B-409D-8819-FE9BAC42520B}.Release|Any CPU.ActiveCfg = Release|Any CPU
		{122DC43F-106B-409D-8819-FE9BAC42520B}.Release|Any CPU.Build.0 = Release|Any CPU
		{E7413A47-8B01-457C-9387-8110DD983C29}.Debug|Any CPU.ActiveCfg = Debug|Any CPU
		{E7413A47-8B01-457C-9387-8110DD983C29}.Debug|Any CPU.Build.0 = Debug|Any CPU
		{E7413A47-8B01-457C-9387-8110DD983C29}.Release|Any CPU.ActiveCfg = Release|Any CPU
		{E7413A47-8B01-457C-9387-8110DD983C29}.Release|Any CPU.Build.0 = Release|Any CPU
		{917B9ECF-889A-4CCE-A87C-282D2BFF8F9E}.Debug|Any CPU.ActiveCfg = Debug|Any CPU
		{917B9ECF-889A-4CCE-A87C-282D2BFF8F9E}.Debug|Any CPU.Build.0 = Debug|Any CPU
		{917B9ECF-889A-4CCE-A87C-282D2BFF8F9E}.Release|Any CPU.ActiveCfg = Release|Any CPU
		{917B9ECF-889A-4CCE-A87C-282D2BFF8F9E}.Release|Any CPU.Build.0 = Release|Any CPU
		{9D119357-1D2F-4CC2-84E7-12E30386BD2B}.Debug|Any CPU.ActiveCfg = Debug|Any CPU
		{9D119357-1D2F-4CC2-84E7-12E30386BD2B}.Debug|Any CPU.Build.0 = Debug|Any CPU
		{9D119357-1D2F-4CC2-84E7-12E30386BD2B}.Release|Any CPU.ActiveCfg = Release|Any CPU
		{9D119357-1D2F-4CC2-84E7-12E30386BD2B}.Release|Any CPU.Build.0 = Release|Any CPU
		{70C516D0-D68D-4130-9565-C85174848D70}.Debug|Any CPU.ActiveCfg = Debug|Any CPU
		{70C516D0-D68D-4130-9565-C85174848D70}.Debug|Any CPU.Build.0 = Debug|Any CPU
		{70C516D0-D68D-4130-9565-C85174848D70}.Release|Any CPU.ActiveCfg = Release|Any CPU
		{70C516D0-D68D-4130-9565-C85174848D70}.Release|Any CPU.Build.0 = Release|Any CPU
	EndGlobalSection
	GlobalSection(SolutionProperties) = preSolution
		HideSolutionNode = FALSE
	EndGlobalSection
EndGlobal
